
Microsoft Visual Studio Solution File, Format Version 12.00
# Visual Studio Version 17
VisualStudioVersion = 17.5.33502.453
MinimumVisualStudioVersion = 10.0.40219.1
Project("{FAE04EC0-301F-11D3-BF4B-00C04F79EFBC}") = "Cinemania", "Cinemania.csproj", "{8F30652D-A93F-436E-A8A7-12FBA9B6D074}"
EndProject
Global
	GlobalSection(SolutionConfigurationPlatforms) = preSolution
		Debug|Any CPU = Debug|Any CPU
		Release|Any CPU = Release|Any CPU
	EndGlobalSection
	GlobalSection(ProjectConfigurationPlatforms) = postSolution
		{8F30652D-A93F-436E-A8A7-12FBA9B6D074}.Debug|Any CPU.ActiveCfg = Debug|Any CPU
		{8F30652D-A93F-436E-A8A7-12FBA9B6D074}.Debug|Any CPU.Build.0 = Debug|Any CPU
		{8F30652D-A93F-436E-A8A7-12FBA9B6D074}.Release|Any CPU.ActiveCfg = Release|Any CPU
		{8F30652D-A93F-436E-A8A7-12FBA9B6D074}.Release|Any CPU.Build.0 = Release|Any CPU
	EndGlobalSection
	GlobalSection(SolutionProperties) = preSolution
		HideSolutionNode = FALSE
	EndGlobalSection
	GlobalSection(ExtensibilityGlobals) = postSolution
		SolutionGuid = {7C010797-D71B-4E89-B341-255513D92CF9}
	EndGlobalSection
EndGlobal
